
Microsoft Visual Studio Solution File, Format Version 12.00
# Visual Studio Version 16
VisualStudioVersion = 16.0.810.6
MinimumVisualStudioVersion = 10.0.40219.1
Project("{FAE04EC0-301F-11D3-BF4B-00C04F79EFBC}") = "SampleApp", "SampleApp\SampleApp.csproj", "{E69305AD-A92B-40B5-9D14-D0E4E3A06BBA}"
EndProject
Global
	GlobalSection(SolutionConfigurationPlatforms) = preSolution
		Debug|Any CPU = Debug|Any CPU
		Release|Any CPU = Release|Any CPU
	EndGlobalSection
	GlobalSection(ProjectConfigurationPlatforms) = postSolution
		{E69305AD-A92B-40B5-9D14-D0E4E3A06BBA}.Debug|Any CPU.ActiveCfg = Debug|Any CPU
		{E69305AD-A92B-40B5-9D14-D0E4E3A06BBA}.Debug|Any CPU.Build.0 = Debug|Any CPU
		{E69305AD-A92B-40B5-9D14-D0E4E3A06BBA}.Release|Any CPU.ActiveCfg = Release|Any CPU
		{E69305AD-A92B-40B5-9D14-D0E4E3A06BBA}.Release|Any CPU.Build.0 = Release|Any CPU
	EndGlobalSection
	GlobalSection(SolutionProperties) = preSolution
		HideSolutionNode = FALSE
	EndGlobalSection
	GlobalSection(ExtensibilityGlobals) = postSolution
		SolutionGuid = {19A8C655-44BF-4665-A79B-EB76DD240AA5}
	EndGlobalSection
EndGlobal
